
Microsoft Visual Studio Solution File, Format Version 12.00
# Visual Studio Version 17
VisualStudioVersion = 17.0.32014.148
MinimumVisualStudioVersion = 10.0.40219.1
Project("{FAE04EC0-301F-11D3-BF4B-00C04F79EFBC}") = "DemoApp.Web", "DemoApp.Web\DemoApp.Web.csproj", "{E527E410-7056-433B-8074-DB78843069D0}"
EndProject
Project("{FAE04EC0-301F-11D3-BF4B-00C04F79EFBC}") = "DemoApp.Application", "DemoApp.Application\DemoApp.Application.csproj", "{747782DD-2500-43CE-B598-95B881357484}"
EndProject
Project("{FAE04EC0-301F-11D3-BF4B-00C04F79EFBC}") = "DemoApp.Infrastructure", "DemoApp.Infrastructure\DemoApp.Infrastructure.csproj", "{EED653F3-2667-406D-AA82-6BFB6BC96826}"
EndProject
Project("{FAE04EC0-301F-11D3-BF4B-00C04F79EFBC}") = "DemoApp.Domain", "DemoApp.Domain\DemoApp.Domain.csproj", "{653ECB10-A0AC-4CFB-ADB4-2DEADA95E634}"
EndProject
Project("{FAE04EC0-301F-11D3-BF4B-00C04F79EFBC}") = "DemoApp.Persistence", "DemoApp.Persistence\DemoApp.Persistence.csproj", "{BB8392AD-B448-42C1-BDB8-0B67994935F3}"
EndProject
Global
	GlobalSection(SolutionConfigurationPlatforms) = preSolution
		Debug|Any CPU = Debug|Any CPU
		Release|Any CPU = Release|Any CPU
	EndGlobalSection
	GlobalSection(ProjectConfigurationPlatforms) = postSolution
		{E527E410-7056-433B-8074-DB78843069D0}.Debug|Any CPU.ActiveCfg = Debug|Any CPU
		{E527E410-7056-433B-8074-DB78843069D0}.Debug|Any CPU.Build.0 = Debug|Any CPU
		{E527E410-7056-433B-8074-DB78843069D0}.Release|Any CPU.ActiveCfg = Release|Any CPU
		{E527E410-7056-433B-8074-DB78843069D0}.Release|Any CPU.Build.0 = Release|Any CPU
		{747782DD-2500-43CE-B598-95B881357484}.Debug|Any CPU.ActiveCfg = Debug|Any CPU
		{747782DD-2500-43CE-B598-95B881357484}.Debug|Any CPU.Build.0 = Debug|Any CPU
		{747782DD-2500-43CE-B598-95B881357484}.Release|Any CPU.ActiveCfg = Release|Any CPU
		{747782DD-2500-43CE-B598-95B881357484}.Release|Any CPU.Build.0 = Release|Any CPU
		{EED653F3-2667-406D-AA82-6BFB6BC96826}.Debug|Any CPU.ActiveCfg = Debug|Any CPU
		{EED653F3-2667-406D-AA82-6BFB6BC96826}.Debug|Any CPU.Build.0 = Debug|Any CPU
		{EED653F3-2667-406D-AA82-6BFB6BC96826}.Release|Any CPU.ActiveCfg = Release|Any CPU
		{EED653F3-2667-406D-AA82-6BFB6BC96826}.Release|Any CPU.Build.0 = Release|Any CPU
		{653ECB10-A0AC-4CFB-ADB4-2DEADA95E634}.Debug|Any CPU.ActiveCfg = Debug|Any CPU
		{653ECB10-A0AC-4CFB-ADB4-2DEADA95E634}.Debug|Any CPU.Build.0 = Debug|Any CPU
		{653ECB10-A0AC-4CFB-ADB4-2DEADA95E634}.Release|Any CPU.ActiveCfg = Release|Any CPU
		{653ECB10-A0AC-4CFB-ADB4-2DEADA95E634}.Release|Any CPU.Build.0 = Release|Any CPU
		{BB8392AD-B448-42C1-BDB8-0B67994935F3}.Debug|Any CPU.ActiveCfg = Debug|Any CPU
		{BB8392AD-B448-42C1-BDB8-0B67994935F3}.Debug|Any CPU.Build.0 = Debug|Any CPU
		{BB8392AD-B448-42C1-BDB8-0B67994935F3}.Release|Any CPU.ActiveCfg = Release|Any CPU
		{BB8392AD-B448-42C1-BDB8-0B67994935F3}.Release|Any CPU.Build.0 = Release|Any CPU
	EndGlobalSection
	GlobalSection(SolutionProperties) = preSolution
		HideSolutionNode = FALSE
	EndGlobalSection
	GlobalSection(ExtensibilityGlobals) = postSolution
		SolutionGuid = {9083B38D-D8AE-4683-8AF8-0959B0CECACF}
	EndGlobalSection
EndGlobal
